{
    "_meta": {
        "hash": {
            "sha256": "104e734da0a2067cfade95de94c9f086322f945cf283c32b8fbec140c352c662"
        },
        "pipfile-spec": 6,
        "requires": {
            "python_version": "3.12"
        },
        "sources": [
            {
                "name": "pypi",
                "url": "https://pypi.org/simple",
                "verify_ssl": true
            }
        ]
    },
    "default": {
        "argparse": {
            "hashes": [
                "sha256:62b089a55be1d8949cd2bc7e0df0bddb9e028faefc8c32038cc84862aefdd6e4",
                "sha256:c31647edb69fd3d465a847ea3157d37bed1f95f19760b11a47aa91c04b666314"
            ],
            "version": "==1.4.0"
        },
        "grpcio": {
            "hashes": [
                "sha256:01600b1b02fdc9d648630d3de0a4cbf7ebe5f94b40ec1f65e3fd4b94a3b052cf",
                "sha256:03fdd86ff7d9957b822b9bf1fe0ae1e21e258e9c1d5535a5e9c67de0ad45b6a8",
                "sha256:06a7ea12a81e5e2fb17528556c7f828b90bd2aec3a645f5cd5f35f80aa59ac6a",
                "sha256:0b2ae6868864e4b06bff89cf91730a63141327158bf0677428ef315ea1dbdb0b",
                "sha256:0c9c865d2fdf40e7e952038a0b5e0f32b01da84ecf04943b08e8917c8ccc9cf8",
                "sha256:2a0cd7297abf0a02a9399edebe8c662058c7f0768bfbe859837707d389ad327f",
                "sha256:2ce639f2a2951aedbe9a3636f5730288f9b77c2627f116265d7d2789555e5662",
                "sha256:3101fa25b93f185e8cc698f8c2abee897891e6bae4f13472f66df21e8ae40d46",
                "sha256:3a3139414399078560a84203f9fe3592483d902a2af84062c571be6191143a9f",
                "sha256:3a6b36e20b02ca830b15b5eb4abb437de1d42ba93353d1f76b00337108f7ce8e",
                "sha256:3ce7f4c766fecc34455357b31b1e316506ea6ac48abbb9a650843d20337a2036",
                "sha256:478725160e2cfc1bfa5ab3e7bb7c896cc182c8f57255d780007cfd6fb46e97b5",
                "sha256:4fba3ae83ef5acd111c2dd92233ff167411db84e1ff17a00c34b5428355526c5",
                "sha256:510bf7ec7f44e9420bb17970fb450522666d8b1c09cdf59b735de0c2dc806b79",
                "sha256:51231a22aea830be1d955de5a15da4391b3ac8e1d7868f362c74c15a0e9f5c89",
                "sha256:5225b8ce980b598187f64436ed95ea149966d538253c28668347d331968e2386",
                "sha256:5edea0ea18e9fd5326d385a4c92a1fed605454e9a2c57ff131df0a08004b7e69",
                "sha256:60fe2f90875f2bef105158e370fbbefadd179f8cd689bc2cee6844aca4ccb7bb",
                "sha256:67c5e5aa92b5832ae7a3399bce5b8562fb28686446732bfa17f97d5082e8501d",
                "sha256:71fa3b7a6cef62a00014205d0e707610cfd50ae54f617d296017f10c6a9fad0d",
                "sha256:76125096d2a090d4acdce0f06f9511cebe1bcfbc0bd040e495563d7a8747dda1",
                "sha256:77fddf42bbca65ee4db679d0608e1ffa8b22b7f516c79665b7620be2f6357c85",
                "sha256:7fd639b0988ed5114d4b2a72ea453aafcb1439dd433c61834886b92afed9c6c1",
                "sha256:87da0fb85ba42257e450561b0264e36abe47faae07476621ae65d8f5f60f22cd",
                "sha256:8856187a359a55babfa4d49ad96f2dd7edd8be3a36b813c7a9e41ef3d763400f",
                "sha256:8886d24345bf4b1693e9c09cf6a520f0baedd2af2a876f91bb508b24d0d46041",
                "sha256:892f03939df46d0bfcf89fe1dbcc8818f93ad6f3377587e8db6c2b1f598736c2",
                "sha256:8aa50787bc8036bd5ea9b7ebbbd2c49c78122eb9ff98d3c217a7c146313c5030",
                "sha256:8d6fd1206433428d0a4ba771eac70579b41a265fe835a4d8a5214c7235e69926",
                "sha256:9b193e116e085ad4d7ef1518d79e9fedfa7688f4967f64a6246b5b196a26326a",
                "sha256:9ba9d4b3d4fc00b8083bb47a8c40a74ba3ea330713fdd59cf53c926c9a16b002",
                "sha256:a7b752471e7ff1472ddbf3035a34fd8e24f2eac4fedbdab311e8f3e0dee889f7",
                "sha256:aacfd499d23130578184057008ea5329732a5ac59a4fcb73c0467d86723d23c8",
                "sha256:b10349ceebec745a47e4339ef7c4878c9b53b82ae4b0883e16544625016d6242",
                "sha256:b6bba0f973ef6fe7434834f1b63d16bab4b50879d5bb0ca6eb0495c87d5cbc78",
                "sha256:b7bfcbee6b32f0e4786b7813692b3907c9e444f529126b8520cac9914479b98c",
                "sha256:c2900ad06fd8f5ad8832b1ee287caccb4a957e971b2b7983e0cd7a8e7c7098fb",
                "sha256:c45977fdc675a8961875adab7f04b785f65d3fd9c737cd60b5e3a9b1392ad444",
                "sha256:cb48342de1c3be59e6de79c6bbc01cf05562c571a3ed32f7c2e149e7934824cf",
                "sha256:cd7dc770926cc66050242eb6c63ca8ce12cd69010bf4ff7ea6e721d4f4b11e4d",
                "sha256:d388f093010a014d3b3ddf8185ff45c5279fd825d0b20e21c8076515ae61db31",
                "sha256:e0b2bf34340999c6d938107ec2cc9bce1ea59bf08e4694cfa47e782bdbd361f4",
                "sha256:e2c9bbb84d5517f2bccdb1836b8ee267a1757acb3cb3e575065c103220b577ac",
                "sha256:f4b7a7d68313e252e09550bd03d9d11e460dae681cf95588a131b6b3e07d1e30",
                "sha256:f6e5a67bbf8a1b3be5535802f6e9f507d1d8d38fb32de81ec7f03706d95a9126",
                "sha256:f931fe9b244dc23c7478c513c3ed94ded93da8bd1a95a4d97b21abdef644304a"
            ],
            "markers": "python_version >= '3.8'",
            "version": "==1.65.2"
        },
        "grpcio-tools": {
            "hashes": [
                "sha256:03108cd69a9edec6b7ccece82bd69874c6e3807bf61dc3c30009f22dfc3fbe83",
                "sha256:0d9445342885a078de978dc61c82af54169ce3f033c1a2981b23caba2c8cad8b",
                "sha256:1d737b38b32f167f63cc46bebe4ed1081dc96442b98080bbbf0071e685be9cb9",
                "sha256:20ca20388f67afcd7f70a041315f2e4f85b6e9a94e326741775af7b7bdc62a4d",
                "sha256:256d2b2e3fa02c5159507b85db4e51bd00088ad640d76af1ca79c2cc0ca6f2dd",
                "sha256:25d648f2cc325f155d5066469ea2ec783c1e80124f6f2a766d89a6ad4ab9aa6f",
                "sha256:26c287925b681dec46213c17f45864f0d0918f435188634d4f21dab39e2df306",
                "sha256:285960f52719df90f30b24a179df0f40c328fdb5f52a5b02381fe70b742de5aa",
                "sha256:2867ae94dd04fbf00c0ba72ff61b171199cf0e4afe0cfd14e2dc3e1d7d862fcf",
                "sha256:2950c5ad586cb458dda27f05c4fa93c4fdf4350227f35f7d800148faaf00229d",
                "sha256:2e7e1e2ce5576f0a8414fc906ba13406472bd4dfb1741640bafb14bbc5624202",
                "sha256:357decdf53b896b7d96047e1ee401d58f78f2f6b9aefb0e72bafa034d40a968b",
                "sha256:372584af57812d141cde6c6715da073aa263a2de8b94312b568a9840c1071507",
                "sha256:3927542225936a95ebd37f4f6c88cc7a9c46120756b57b352ab591fc76fbb1a7",
                "sha256:3d6ed0034ab32d96ff7baa6a99fc17dbae3706ee96fc39df712b3649f64de488",
                "sha256:40b44f006dd904792ac6b144eabc9945b5b30c40dcb93d65fd984419b2f328d2",
                "sha256:4dc9ccb45760f45dee8c4650ef5578513fd17ad96dd8a6af6b22b5520f56ef70",
                "sha256:540047a65dc64a6290ac13ba1406380bc2c1ffeab55855de3903dabc44e9461b",
                "sha256:5d1e450408c262c0fbbdf2b7e2795c05b2d4d4dc5fd51c45fb7e0964ff3ae7c8",
                "sha256:72df6bb25e08c120d4e9c93cc859821fce0c76a50b7d8a51e9a6a035dd4c5476",
                "sha256:75035269ad68ccfeceaaa312bf1c47b13eaab32470040c0e0ed3a2bd17232cf2",
                "sha256:7786b570bb5a552f899b5fe56913c4f65995b52efda1448c5d88dbdac3726efe",
                "sha256:8003befc1874d8e0bb36c2cb0776f06fca065cecbe2a2b9b6514c7e4e807f2b5",
                "sha256:821003022e52345d025b33d4be35976da316b13f086e3b7a761e89804d0bade6",
                "sha256:8782867f2176e510ac55f861f1f48553570ea395dd223cf7240d0d3395e43934",
                "sha256:8da247d305750ce1dee59e2c8625eb3c4fcdb69088c17eab74a864708bc60309",
                "sha256:90ce4c5d7ffc4c4814664af564c6d42c0e369dc74210ee384757f95f8376c873",
                "sha256:94cf9599a4358e8695b1729bfe71d61714cfa89cd67edc702dbb5b96adaac477",
                "sha256:a4892bf743be80851edbec7219ce02040675518c0c04799225c960eb7590a071",
                "sha256:a6d9f6f07cf2272d03355401016edba8e88ee6af54cb6b48bffeb0d309e23b8d",
                "sha256:b0c2f018a217bfed2ce111dc4668f9c24759063fd9347a0112d6761183b79c07",
                "sha256:b75587e146ad393143fdef1e2d19d721ebf809a937a4608a50e7977d2cf983e6",
                "sha256:c697fc1ddfe9991e5e611e618e9a99b57aa6dc66c845fdffe180450309578f5d",
                "sha256:c790354fbc1dd5c68ed054ff14b52ae76a8f4815f9dee3296742234b8bb7237d",
                "sha256:c8a02fa44a1ebfb2b1ec72a13dfcd6a18268a8b28f1d1e4508cb8988093539ea",
                "sha256:c98f4089f56295c63064486791d99af8cad921da2823aea5e246ffaf52e84932",
                "sha256:d6dba6246316f07f61d95487eacc5248fd4f603cca18c6f091fd139ff4b3d5b1",
                "sha256:daa90fc9d53a2158b29460d102b404d911568670dd2c3a50e37985e4dfc8b0c1",
                "sha256:e4437947e8cbb9db9d8e8d3ffcbfa478b3937fcf8d2cf1e2922cc59045ea5a7c",
                "sha256:e719c545410cad40be8c1b137fcf3b3f5e66c9939faffc6c86acca9a4ae898e6",
                "sha256:eac770cf274741ec964fab8f6da63b3c99d0b04256d0bde3f4d304c9f12046ce",
                "sha256:f02eb5a196aa36f6772e421663d76ef2e01aa082372ea988a805f154cdd583b4",
                "sha256:f35a15a98ae6af68a0dfb0a4e617ff8c3ff08f8982e8557c4bb2d97a5a2fff94",
                "sha256:f38b1a3b214917079f8c596e74127e97c935a375fe0ac1fe00ebb53663137dbc",
                "sha256:f4f170b0b7e179e642e487dc311422a061008ebf18119ccf6838bb221667b370",
                "sha256:fee7d75ccafa807d42af7d0127847f1b150d2a62964982769fbae409eb3f9981"
            ],
            "markers": "python_version >= '3.8'",
            "version": "==1.65.2"
        },
        "klotho": {
            "file": "../../klothosdk"
        },
        "protobuf": {
            "hashes": [
                "sha256:043853dcb55cc262bf2e116215ad43fa0859caab79bb0b2d31b708f128ece035",
                "sha256:16ddf3f8c6c41e1e803da7abea17b1793a97ef079a912e42351eabb19b2cffe7",
                "sha256:68248c60d53f6168f565a8c76dc58ba4fa2ade31c2d1ebdae6d80f969cdc2d4f",
                "sha256:82460903e640f2b7e34ee81a947fdaad89de796d324bcbc38ff5430bcdead82c",
                "sha256:8572c6533e544ebf6899c360e91d6bcbbee2549251643d32c52cf8a5de295ba5",
                "sha256:a55c48f2a2092d8e213bd143474df33a6ae751b781dd1d1f4d953c128a415b25",
                "sha256:af7c0b7cfbbb649ad26132e53faa348580f844d9ca46fd3ec7ca48a1ea5db8a1",
                "sha256:b8a994fb3d1c11156e7d1e427186662b64694a62b55936b2b9348f0a7c6625ce",
                "sha256:c2a105c24f08b1e53d6c7ffe69cb09d0031512f0b72f812dd4005b8112dbe91e",
                "sha256:c84eee2c71ed83704f1afbf1a85c3171eab0fd1ade3b399b3fad0884cbcca8bf",
                "sha256:dcb307cd4ef8fec0cf52cb9105a03d06fbb5275ce6d84a6ae33bc6cf84e0a07b"
            ],
            "markers": "python_version >= '3.8'",
            "version": "==5.27.3"
        },
        "pyyaml": {
            "hashes": [
                "sha256:04ac92ad1925b2cff1db0cfebffb6ffc43457495c9b3c39d3fcae417d7125dc5",
                "sha256:062582fca9fabdd2c8b54a3ef1c978d786e0f6b3a1510e0ac93ef59e0ddae2bc",
                "sha256:0d3304d8c0adc42be59c5f8a4d9e3d7379e6955ad754aa9d6ab7a398b59dd1df",
                "sha256:1635fd110e8d85d55237ab316b5b011de701ea0f29d07611174a1b42f1444741",
                "sha256:184c5108a2aca3c5b3d3bf9395d50893a7ab82a38004c8f61c258d4428e80206",
                "sha256:18aeb1bf9a78867dc38b259769503436b7c72f7a1f1f4c93ff9a17de54319b27",
                "sha256:1d4c7e777c441b20e32f52bd377e0c409713e8bb1386e1099c2415f26e479595",
                "sha256:1e2722cc9fbb45d9b87631ac70924c11d3a401b2d7f410cc0e3bbf249f2dca62",
                "sha256:1fe35611261b29bd1de0070f0b2f47cb6ff71fa6595c077e42bd0c419fa27b98",
                "sha256:28c119d996beec18c05208a8bd78cbe4007878c6dd15091efb73a30e90539696",
                "sha256:326c013efe8048858a6d312ddd31d56e468118ad4cdeda36c719bf5bb6192290",
                "sha256:40df9b996c2b73138957fe23a16a4f0ba614f4c0efce1e9406a184b6d07fa3a9",
                "sha256:42f8152b8dbc4fe7d96729ec2b99c7097d656dc1213a3229ca5383f973a5ed6d",
                "sha256:49a183be227561de579b4a36efbb21b3eab9651dd81b1858589f796549873dd6",
                "sha256:4fb147e7a67ef577a588a0e2c17b6db51dda102c71de36f8549b6816a96e1867",
                "sha256:50550eb667afee136e9a77d6dc71ae76a44df8b3e51e41b77f6de2932bfe0f47",
                "sha256:510c9deebc5c0225e8c96813043e62b680ba2f9c50a08d3724c7f28a747d1486",
                "sha256:5773183b6446b2c99bb77e77595dd486303b4faab2b086e7b17bc6bef28865f6",
                "sha256:596106435fa6ad000c2991a98fa58eeb8656ef2325d7e158344fb33864ed87e3",
                "sha256:6965a7bc3cf88e5a1c3bd2e0b5c22f8d677dc88a455344035f03399034eb3007",
                "sha256:69b023b2b4daa7548bcfbd4aa3da05b3a74b772db9e23b982788168117739938",
                "sha256:6c22bec3fbe2524cde73d7ada88f6566758a8f7227bfbf93a408a9d86bcc12a0",
                "sha256:704219a11b772aea0d8ecd7058d0082713c3562b4e271b849ad7dc4a5c90c13c",
                "sha256:7e07cbde391ba96ab58e532ff4803f79c4129397514e1413a7dc761ccd755735",
                "sha256:81e0b275a9ecc9c0c0c07b4b90ba548307583c125f54d5b6946cfee6360c733d",
                "sha256:855fb52b0dc35af121542a76b9a84f8d1cd886ea97c84703eaa6d88e37a2ad28",
                "sha256:8d4e9c88387b0f5c7d5f281e55304de64cf7f9c0021a3525bd3b1c542da3b0e4",
                "sha256:9046c58c4395dff28dd494285c82ba00b546adfc7ef001486fbf0324bc174fba",
                "sha256:9eb6caa9a297fc2c2fb8862bc5370d0303ddba53ba97e71f08023b6cd73d16a8",
                "sha256:a08c6f0fe150303c1c6b71ebcd7213c2858041a7e01975da3a99aed1e7a378ef",
                "sha256:a0cd17c15d3bb3fa06978b4e8958dcdc6e0174ccea823003a106c7d4d7899ac5",
                "sha256:afd7e57eddb1a54f0f1a974bc4391af8bcce0b444685d936840f125cf046d5bd",
                "sha256:b1275ad35a5d18c62a7220633c913e1b42d44b46ee12554e5fd39c70a243d6a3",
                "sha256:b786eecbdf8499b9ca1d697215862083bd6d2a99965554781d0d8d1ad31e13a0",
                "sha256:ba336e390cd8e4d1739f42dfe9bb83a3cc2e80f567d8805e11b46f4a943f5515",
                "sha256:baa90d3f661d43131ca170712d903e6295d1f7a0f595074f151c0aed377c9b9c",
                "sha256:bc1bf2925a1ecd43da378f4db9e4f799775d6367bdb94671027b73b393a7c42c",
                "sha256:bd4af7373a854424dabd882decdc5579653d7868b8fb26dc7d0e99f823aa5924",
                "sha256:bf07ee2fef7014951eeb99f56f39c9bb4af143d8aa3c21b1677805985307da34",
                "sha256:bfdf460b1736c775f2ba9f6a92bca30bc2095067b8a9d77876d1fad6cc3b4a43",
                "sha256:c8098ddcc2a85b61647b2590f825f3db38891662cfc2fc776415143f599bb859",
                "sha256:d2b04aac4d386b172d5b9692e2d2da8de7bfb6c387fa4f801fbf6fb2e6ba4673",
                "sha256:d483d2cdf104e7c9fa60c544d92981f12ad66a457afae824d146093b8c294c54",
                "sha256:d858aa552c999bc8a8d57426ed01e40bef403cd8ccdd0fc5f6f04a00414cac2a",
                "sha256:e7d73685e87afe9f3b36c799222440d6cf362062f78be1013661b00c5c6f678b",
                "sha256:f003ed9ad21d6a4713f0a9b5a7a0a79e08dd0f221aff4525a2be4c346ee60aab",
                "sha256:f22ac1c3cac4dbc50079e965eba2c1058622631e526bd9afd45fedd49ba781fa",
                "sha256:faca3bdcf85b2fc05d06ff3fbc1f83e1391b3e724afa3feba7d13eeab355484c",
                "sha256:fca0e3a251908a499833aa292323f32437106001d436eca0e6e7833256674585",
                "sha256:fd1592b3fdf65fff2ad0004b5e363300ef59ced41c2e6b3a99d4089fa8c5435d",
                "sha256:fd66fc5d0da6d9815ba2cebeb4205f95818ff4b79c3ebe268e75d961704af52f"
            ],
            "markers": "python_version >= '3.6'",
            "version": "==6.0.1"
        },
        "setuptools": {
            "hashes": [
                "sha256:5a03e1860cf56bb6ef48ce186b0e557fdba433237481a9a625176c2831be15d1",
                "sha256:8d243eff56d095e5817f796ede6ae32941278f542e0f941867cc05ae52b162ec"
            ],
            "markers": "python_version >= '3.8'",
            "version": "==72.1.0"
        }
    },
    "develop": {
        "debugpy": {
            "hashes": [
                "sha256:0600faef1d0b8d0e85c816b8bb0cb90ed94fc611f308d5fde28cb8b3d2ff0fe3",
                "sha256:1523bc551e28e15147815d1397afc150ac99dbd3a8e64641d53425dba57b0ff9",
                "sha256:15bc2f4b0f5e99bf86c162c91a74c0631dbd9cef3c6a1d1329c946586255e859",
                "sha256:16c8dcab02617b75697a0a925a62943e26a0330da076e2a10437edd9f0bf3755",
                "sha256:16e16df3a98a35c63c3ab1e4d19be4cbc7fdda92d9ddc059294f18910928e0ca",
                "sha256:2cbd4d9a2fc5e7f583ff9bf11f3b7d78dfda8401e8bb6856ad1ed190be4281ad",
                "sha256:3f8c3f7c53130a070f0fc845a0f2cee8ed88d220d6b04595897b66605df1edd6",
                "sha256:40f062d6877d2e45b112c0bbade9a17aac507445fd638922b1a5434df34aed02",
                "sha256:5a019d4574afedc6ead1daa22736c530712465c0c4cd44f820d803d937531b2d",
                "sha256:5d3ccd39e4021f2eb86b8d748a96c766058b39443c1f18b2dc52c10ac2757835",
                "sha256:62658aefe289598680193ff655ff3940e2a601765259b123dc7f89c0239b8cd3",
                "sha256:7ee2e1afbf44b138c005e4380097d92532e1001580853a7cb40ed84e0ef1c3d2",
                "sha256:7f8d57a98c5a486c5c7824bc0b9f2f11189d08d73635c326abef268f83950326",
                "sha256:8a13417ccd5978a642e91fb79b871baded925d4fadd4dfafec1928196292aa0a",
                "sha256:95378ed08ed2089221896b9b3a8d021e642c24edc8fef20e5d4342ca8be65c00",
                "sha256:acdf39855f65c48ac9667b2801234fc64d46778021efac2de7e50907ab90c634",
                "sha256:bd11fe35d6fd3431f1546d94121322c0ac572e1bfb1f6be0e9b8655fb4ea941e",
                "sha256:c78ba1680f1015c0ca7115671fe347b28b446081dada3fedf54138f44e4ba031",
                "sha256:cf327316ae0c0e7dd81eb92d24ba8b5e88bb4d1b585b5c0d32929274a66a5210",
                "sha256:d3408fddd76414034c02880e891ea434e9a9cf3a69842098ef92f6e809d09afa",
                "sha256:e24ccb0cd6f8bfaec68d577cb49e9c680621c336f347479b3fce060ba7c09ec1",
                "sha256:f179af1e1bd4c88b0b9f0fa153569b24f6b6f3de33f94703336363ae62f4bf47"
            ],
            "index": "pypi",
            "markers": "python_version >= '3.8'",
            "version": "==1.8.2"
        }
    }
}
